{
  "pins" : [
    {
      "identity" : "grdb.swift",
      "kind" : "remoteSourceControl",
      "location" : "https://github.com/groue/GRDB.swift.git",
      "state" : {
        "branch" : "master",
        "revision" : "d70032c483274f68d8bcab18c41028dc9679deb0"
      }
    }
  ],
  "version" : 2
}
