// !$*UTF8*$!
{
	archiveVersion = 1;
	classes = {
	};
	objectVersion = 70;
	objects = {

/* Begin PBXBuildFile section */
		5EB7C6D62E44A96600C44B4F /* Intents.intentdefinition in Sources */ = {isa = PBXBuildFile; fileRef = 5EB7C6C82E44A96600C44B4F /* Intents.intentdefinition */; };
		5EB7C6D72E44A96600C44B4F /* Intents.intentdefinition in Sources */ = {isa = PBXBuildFile; fileRef = 5EB7C6C82E44A96600C44B4F /* Intents.intentdefinition */; };
		5EB7C6D82E44A96600C44B4F /* Intents.intentdefinition in Sources */ = {isa = PBXBuildFile; fileRef = 5EB7C6C82E44A96600C44B4F /* Intents.intentdefinition */; };
		5EB7C6D92E44A96600C44B4F /* Intents.intentdefinition in Sources */ = {isa = PBXBuildFile; fileRef = 5EB7C6C82E44A96600C44B4F /* Intents.intentdefinition */; };
		5EE56C0B2A7AABED00FA71DF /* Kingfisher in Frameworks */ = {isa = PBXBuildFile; productRef = 5EE56C0A2A7AABED00FA71DF /* Kingfisher */; };
		63574A1326D658FD00A2D495 /* WidgetKit.framework in Frameworks */ = {isa = PBXBuildFile; fileRef = 6357656D26D1AD24004F04DE /* WidgetKit.framework */; platformFilter = maccatalyst; };
		63574A1426D658FD00A2D495 /* SwiftUI.framework in Frameworks */ = {isa = PBXBuildFile; fileRef = 6357656F26D1AD25004F04DE /* SwiftUI.framework */; platformFilter = maccatalyst; };
		63574A2026D6590000A2D495 /* macOS WidgetExtension.appex in Embed Foundation Extensions */ = {isa = PBXBuildFile; fileRef = 63574A1226D658FD00A2D495 /* macOS WidgetExtension.appex */; settings = {ATTRIBUTES = (RemoveHeadersOnCopy, ); }; };
		6357656E26D1AD25004F04DE /* WidgetKit.framework in Frameworks */ = {isa = PBXBuildFile; fileRef = 6357656D26D1AD24004F04DE /* WidgetKit.framework */; platformFilter = maccatalyst; };
		6357657026D1AD25004F04DE /* SwiftUI.framework in Frameworks */ = {isa = PBXBuildFile; fileRef = 6357656F26D1AD25004F04DE /* SwiftUI.framework */; platformFilter = maccatalyst; };
		6357657C26D1AD28004F04DE /* Tiltify St Jude WidgetExtension.appex in Embed Foundation Extensions */ = {isa = PBXBuildFile; fileRef = 6357656B26D1AD24004F04DE /* Tiltify St Jude WidgetExtension.appex */; settings = {ATTRIBUTES = (RemoveHeadersOnCopy, ); }; };
		63BFF19C26D5D37C0023263D /* Intents.framework in Frameworks */ = {isa = PBXBuildFile; fileRef = 63BFF18426D5CA400023263D /* Intents.framework */; platformFilter = maccatalyst; };
		63BFF1A326D5D37C0023263D /* Intents Extension.appex in Embed Foundation Extensions */ = {isa = PBXBuildFile; fileRef = 63BFF19B26D5D37C0023263D /* Intents Extension.appex */; settings = {ATTRIBUTES = (RemoveHeadersOnCopy, ); }; };
		63D0CD2628B63C500073957E /* GRDB in Frameworks */ = {isa = PBXBuildFile; productRef = 63D0CD2528B63C500073957E /* GRDB */; };
		63D0CD2828B63C580073957E /* GRDB in Frameworks */ = {isa = PBXBuildFile; productRef = 63D0CD2728B63C580073957E /* GRDB */; };
		63D0CD2A28B63C640073957E /* GRDB in Frameworks */ = {isa = PBXBuildFile; productRef = 63D0CD2928B63C640073957E /* GRDB */; };
		63D0CD2C28B63C6D0073957E /* GRDB in Frameworks */ = {isa = PBXBuildFile; productRef = 63D0CD2B28B63C6D0073957E /* GRDB */; };
		63D0CD2E28B63C730073957E /* GRDB in Frameworks */ = {isa = PBXBuildFile; productRef = 63D0CD2D28B63C730073957E /* GRDB */; };
/* End PBXBuildFile section */

/* Begin PBXContainerItemProxy section */
		63574A1E26D6590000A2D495 /* PBXContainerItemProxy */ = {
			isa = PBXContainerItemProxy;
			containerPortal = 6357652826D1A73B004F04DE /* Project object */;
			proxyType = 1;
			remoteGlobalIDString = 63574A1126D658FD00A2D495;
			remoteInfo = "macOS WidgetExtension";
		};
		6357654026D1A73E004F04DE /* PBXContainerItemProxy */ = {
			isa = PBXContainerItemProxy;
			containerPortal = 6357652826D1A73B004F04DE /* Project object */;
			proxyType = 1;
			remoteGlobalIDString = 6357653326D1A73E004F04DE;
			remoteInfo = "St Nude (iOS)";
		};
		6357654C26D1A73E004F04DE /* PBXContainerItemProxy */ = {
			isa = PBXContainerItemProxy;
			containerPortal = 6357652826D1A73B004F04DE /* Project object */;
			proxyType = 1;
			remoteGlobalIDString = 6357653926D1A73E004F04DE;
			remoteInfo = "St Nude (macOS)";
		};
		6357657A26D1AD28004F04DE /* PBXContainerItemProxy */ = {
			isa = PBXContainerItemProxy;
			containerPortal = 6357652826D1A73B004F04DE /* Project object */;
			proxyType = 1;
			remoteGlobalIDString = 6357656A26D1AD24004F04DE;
			remoteInfo = "Tiltify St Jude WidgetExtension";
		};
		63BFF1A126D5D37C0023263D /* PBXContainerItemProxy */ = {
			isa = PBXContainerItemProxy;
			containerPortal = 6357652826D1A73B004F04DE /* Project object */;
			proxyType = 1;
			remoteGlobalIDString = 63BFF19A26D5D37C0023263D;
			remoteInfo = "Intents Extension";
		};
/* End PBXContainerItemProxy section */

/* Begin PBXCopyFilesBuildPhase section */
		63574A2126D6590000A2D495 /* Embed Foundation Extensions */ = {
			isa = PBXCopyFilesBuildPhase;
			buildActionMask = 2147483647;
			dstPath = "";
			dstSubfolderSpec = 13;
			files = (
				63574A2026D6590000A2D495 /* macOS WidgetExtension.appex in Embed Foundation Extensions */,
			);
			name = "Embed Foundation Extensions";
			runOnlyForDeploymentPostprocessing = 0;
		};
		6357658026D1AD28004F04DE /* Embed Foundation Extensions */ = {
			isa = PBXCopyFilesBuildPhase;
			buildActionMask = 2147483647;
			dstPath = "";
			dstSubfolderSpec = 13;
			files = (
				6357657C26D1AD28004F04DE /* Tiltify St Jude WidgetExtension.appex in Embed Foundation Extensions */,
				63BFF1A326D5D37C0023263D /* Intents Extension.appex in Embed Foundation Extensions */,
			);
			name = "Embed Foundation Extensions";
			runOnlyForDeploymentPostprocessing = 0;
		};
		63D0CCE228B1012D0073957E /* Embed Frameworks */ = {
			isa = PBXCopyFilesBuildPhase;
			buildActionMask = 2147483647;
			dstPath = "";
			dstSubfolderSpec = 10;
			files = (
			);
			name = "Embed Frameworks";
			runOnlyForDeploymentPostprocessing = 0;
		};
		63D0CCE628B101340073957E /* Embed Frameworks */ = {
			isa = PBXCopyFilesBuildPhase;
			buildActionMask = 2147483647;
			dstPath = "";
			dstSubfolderSpec = 10;
			files = (
			);
			name = "Embed Frameworks";
			runOnlyForDeploymentPostprocessing = 0;
		};
		63D0CCEA28B1013A0073957E /* Embed Frameworks */ = {
			isa = PBXCopyFilesBuildPhase;
			buildActionMask = 2147483647;
			dstPath = "";
			dstSubfolderSpec = 10;
			files = (
			);
			name = "Embed Frameworks";
			runOnlyForDeploymentPostprocessing = 0;
		};
		63D0CCEE28B1013E0073957E /* Embed Frameworks */ = {
			isa = PBXCopyFilesBuildPhase;
			buildActionMask = 2147483647;
			dstPath = "";
			dstSubfolderSpec = 10;
			files = (
			);
			name = "Embed Frameworks";
			runOnlyForDeploymentPostprocessing = 0;
		};
		63D0CD2428B639DD0073957E /* Embed Frameworks */ = {
			isa = PBXCopyFilesBuildPhase;
			buildActionMask = 2147483647;
			dstPath = "";
			dstSubfolderSpec = 10;
			files = (
			);
			name = "Embed Frameworks";
			runOnlyForDeploymentPostprocessing = 0;
		};
/* End PBXCopyFilesBuildPhase section */

/* Begin PBXFileReference section */
		5EB7C6C42E44A96600C44B4F /* Info.plist */ = {isa = PBXFileReference; lastKnownFileType = text.plist.xml; path = Info.plist; sourceTree = "<group>"; };
		5EB7C6C62E44A96600C44B4F /* Base */ = {isa = PBXFileReference; lastKnownFileType = file.intentdefinition; name = Base; path = Base.lproj/Intents.intentdefinition; sourceTree = "<group>"; };
		5EB7C6C72E44A96600C44B4F /* en */ = {isa = PBXFileReference; lastKnownFileType = text.plist.strings; name = en; path = en.lproj/Intents.strings; sourceTree = "<group>"; };
		5EB7C6C92E44A96600C44B4F /* Intents Extension.entitlements */ = {isa = PBXFileReference; lastKnownFileType = text.plist.entitlements; path = "Intents Extension.entitlements"; sourceTree = "<group>"; };
		63574A1226D658FD00A2D495 /* macOS WidgetExtension.appex */ = {isa = PBXFileReference; explicitFileType = "wrapper.app-extension"; includeInIndex = 0; path = "macOS WidgetExtension.appex"; sourceTree = BUILT_PRODUCTS_DIR; };
		63574A4326D65DD300A2D495 /* St-Jude--macOS--Info.plist */ = {isa = PBXFileReference; lastKnownFileType = text.plist; path = "St-Jude--macOS--Info.plist"; sourceTree = "<group>"; };
		63574A4726D65E5C00A2D495 /* macOS WidgetExtension.entitlements */ = {isa = PBXFileReference; lastKnownFileType = text.plist.entitlements; path = "macOS WidgetExtension.entitlements"; sourceTree = "<group>"; };
		6357653426D1A73E004F04DE /* St Jude.app */ = {isa = PBXFileReference; explicitFileType = wrapper.application; includeInIndex = 0; path = "St Jude.app"; sourceTree = BUILT_PRODUCTS_DIR; };
		6357653A26D1A73E004F04DE /* St Jude.app */ = {isa = PBXFileReference; explicitFileType = wrapper.application; includeInIndex = 0; path = "St Jude.app"; sourceTree = BUILT_PRODUCTS_DIR; };
		6357653F26D1A73E004F04DE /* Tests iOS.xctest */ = {isa = PBXFileReference; explicitFileType = wrapper.cfbundle; includeInIndex = 0; path = "Tests iOS.xctest"; sourceTree = BUILT_PRODUCTS_DIR; };
		6357654B26D1A73E004F04DE /* Tests macOS.xctest */ = {isa = PBXFileReference; explicitFileType = wrapper.cfbundle; includeInIndex = 0; path = "Tests macOS.xctest"; sourceTree = BUILT_PRODUCTS_DIR; };
		6357656B26D1AD24004F04DE /* Tiltify St Jude WidgetExtension.appex */ = {isa = PBXFileReference; explicitFileType = "wrapper.app-extension"; includeInIndex = 0; path = "Tiltify St Jude WidgetExtension.appex"; sourceTree = BUILT_PRODUCTS_DIR; };
		6357656D26D1AD24004F04DE /* WidgetKit.framework */ = {isa = PBXFileReference; lastKnownFileType = wrapper.framework; name = WidgetKit.framework; path = System/Library/Frameworks/WidgetKit.framework; sourceTree = SDKROOT; };
		6357656F26D1AD25004F04DE /* SwiftUI.framework */ = {isa = PBXFileReference; lastKnownFileType = wrapper.framework; name = SwiftUI.framework; path = System/Library/Frameworks/SwiftUI.framework; sourceTree = SDKROOT; };
		63ACF00B26D3E8A400F98023 /* St Jude (macOS).entitlements */ = {isa = PBXFileReference; lastKnownFileType = text.plist.entitlements; path = "St Jude (macOS).entitlements"; sourceTree = "<group>"; };
		63ACF00C26D3E8DB00F98023 /* St Jude (iOS).entitlements */ = {isa = PBXFileReference; lastKnownFileType = text.plist.entitlements; path = "St Jude (iOS).entitlements"; sourceTree = "<group>"; };
		63BFF18426D5CA400023263D /* Intents.framework */ = {isa = PBXFileReference; lastKnownFileType = wrapper.framework; name = Intents.framework; path = System/Library/Frameworks/Intents.framework; sourceTree = SDKROOT; };
		63BFF19B26D5D37C0023263D /* Intents Extension.appex */ = {isa = PBXFileReference; explicitFileType = "wrapper.app-extension"; includeInIndex = 0; path = "Intents Extension.appex"; sourceTree = BUILT_PRODUCTS_DIR; };
		63E19D6426E55768009F318F /* exportOptions.plist */ = {isa = PBXFileReference; lastKnownFileType = text.plist.xml; path = exportOptions.plist; sourceTree = "<group>"; };
		DE9E595326D56EF90009C060 /* Tiltify St Jude WidgetExtension.entitlements */ = {isa = PBXFileReference; lastKnownFileType = text.plist.entitlements; path = "Tiltify St Jude WidgetExtension.entitlements"; sourceTree = "<group>"; };
		DE9E595426D57A840009C060 /* St-Jude--iOS--Info.plist */ = {isa = PBXFileReference; lastKnownFileType = text.plist.xml; path = "St-Jude--iOS--Info.plist"; sourceTree = "<group>"; };
/* End PBXFileReference section */

/* Begin PBXFileSystemSynchronizedBuildFileExceptionSet section */
		5EE6B25E2E449B7300DEBA1C /* PBXFileSystemSynchronizedBuildFileExceptionSet */ = {
			isa = PBXFileSystemSynchronizedBuildFileExceptionSet;
			membershipExceptions = (
				UIApplication.swift,
			);
			target = 6357653926D1A73E004F04DE /* St Jude (macOS) */;
		};
		5EE6B25F2E449B7300DEBA1C /* PBXFileSystemSynchronizedBuildFileExceptionSet */ = {
			isa = PBXFileSystemSynchronizedBuildFileExceptionSet;
			membershipExceptions = (
				Color.swift,
				Sequence.swift,
				UserDefaults.swift,
			);
			target = 6357656A26D1AD24004F04DE /* Tiltify St Jude WidgetExtension */;
		};
		5EE6B2602E449B7300DEBA1C /* PBXFileSystemSynchronizedBuildFileExceptionSet */ = {
			isa = PBXFileSystemSynchronizedBuildFileExceptionSet;
			membershipExceptions = (
				Color.swift,
				Sequence.swift,
			);
			target = 63BFF19A26D5D37C0023263D /* Intents Extension */;
		};
		5EE6B2612E449B7300DEBA1C /* PBXFileSystemSynchronizedBuildFileExceptionSet */ = {
			isa = PBXFileSystemSynchronizedBuildFileExceptionSet;
			membershipExceptions = (
				Color.swift,
				Sequence.swift,
				UserDefaults.swift,
			);
			target = 63574A1126D658FD00A2D495 /* macOS WidgetExtension */;
		};
		5EE6B28B2E449B7C00DEBA1C /* PBXFileSystemSynchronizedBuildFileExceptionSet */ = {
			isa = PBXFileSystemSynchronizedBuildFileExceptionSet;
			membershipExceptions = (
				Tiltify_St_Jude_Widget.intentdefinition,
				"WidgetAppearance+Colors.swift",
			);
			target = 6357653326D1A73E004F04DE /* St Jude (iOS) */;
		};
		5EE6B28C2E449B7C00DEBA1C /* PBXFileSystemSynchronizedBuildFileExceptionSet */ = {
			isa = PBXFileSystemSynchronizedBuildFileExceptionSet;
			membershipExceptions = (
				Tiltify_St_Jude_Widget.intentdefinition,
				"WidgetAppearance+Colors.swift",
			);
			target = 6357653926D1A73E004F04DE /* St Jude (macOS) */;
		};
		5EE6B28D2E449B7C00DEBA1C /* PBXFileSystemSynchronizedBuildFileExceptionSet */ = {
			isa = PBXFileSystemSynchronizedBuildFileExceptionSet;
			membershipExceptions = (
				Info.plist,
			);
			target = 6357656A26D1AD24004F04DE /* Tiltify St Jude WidgetExtension */;
		};
		5EE6B28E2E449B7C00DEBA1C /* PBXFileSystemSynchronizedBuildFileExceptionSet */ = {
			isa = PBXFileSystemSynchronizedBuildFileExceptionSet;
			membershipExceptions = (
				Tiltify_St_Jude_Widget.intentdefinition,
				"WidgetAppearance+Colors.swift",
			);
			target = 63BFF19A26D5D37C0023263D /* Intents Extension */;
		};
		5EE6B28F2E449B7C00DEBA1C /* PBXFileSystemSynchronizedBuildFileExceptionSet */ = {
			isa = PBXFileSystemSynchronizedBuildFileExceptionSet;
			membershipExceptions = (
				Tiltify_St_Jude_Widget.intentdefinition,
				"WidgetAppearance+Colors.swift",
			);
			target = 63574A1126D658FD00A2D495 /* macOS WidgetExtension */;
		};
		5EE6B29A2E449B7E00DEBA1C /* PBXFileSystemSynchronizedBuildFileExceptionSet */ = {
			isa = PBXFileSystemSynchronizedBuildFileExceptionSet;
			membershipExceptions = (
				macOS_Widget.intentdefinition,
			);
			target = 6357653926D1A73E004F04DE /* St Jude (macOS) */;
		};
		5EE6B29B2E449B7E00DEBA1C /* PBXFileSystemSynchronizedBuildFileExceptionSet */ = {
			isa = PBXFileSystemSynchronizedBuildFileExceptionSet;
			membershipExceptions = (
				Info.plist,
			);
			target = 63574A1126D658FD00A2D495 /* macOS WidgetExtension */;
		};
		5EE6B46E2E449B8F00DEBA1C /* PBXFileSystemSynchronizedBuildFileExceptionSet */ = {
			isa = PBXFileSystemSynchronizedBuildFileExceptionSet;
			membershipExceptions = (
				Refresh.swift,
				"Views/Alt Icons/AltIconPicker.swift",
				"Views/Alt Icons/AltIcons.swift",
			);
			target = 6357653926D1A73E004F04DE /* St Jude (macOS) */;
		};
		5EE6B46F2E449B8F00DEBA1C /* PBXFileSystemSynchronizedBuildFileExceptionSet */ = {
			isa = PBXFileSystemSynchronizedBuildFileExceptionSet;
			membershipExceptions = (
				Assets.xcassets,
				CurrencyHelpers.swift,
				Fonts/ChicagoFLF.ttf,
				Helpers/BlinkingView.swift,
				Helpers/CampaignHelpers.swift,
				Helpers/CheckNewMilestones.swift,
				Helpers/CheckSignificantAmounts.swift,
				Helpers/DeviceType.swift,
				Helpers/DoubleHelpers.swift,
				Helpers/FontHelpers.swift,
				Helpers/ImageHelpers.swift,
				Helpers/NotificationHelpers.swift,
				Helpers/Notifications.swift,
				Helpers/Players.swift,
				Loggers.swift,
				Model/DB/AppDatabase.swift,
				Model/DB/Campaign.swift,
				Model/DB/HeadToHead.swift,
				Model/DB/Milestone.swift,
				Model/DB/Persistence.swift,
				Model/DB/Reward.swift,
				Model/DB/TeamEvent.swift,
				Model/TiltifyWidgetData.swift,
				Modifiers/PixelRounding.swift,
				Networking/ApiClient.swift,
				Networking/ApiClientRequestQueries.swift,
				Networking/Model.swift,
				Styles/BlockGroupBoxStyle.swift,
				Views/AdaptiveImage.swift,
				Views/CampaignTitle.swift,
				Views/EasterEggs/EasterEggImage.swift,
				Views/EntryView.swift,
				Views/MilestoneView.swift,
				Views/ProgressBar.swift,
				Views/ScaledNinePartImage.swift,
				Views/SkyView.swift,
			);
			target = 6357656A26D1AD24004F04DE /* Tiltify St Jude WidgetExtension */;
		};
		5EE6B4702E449B8F00DEBA1C /* PBXFileSystemSynchronizedBuildFileExceptionSet */ = {
			isa = PBXFileSystemSynchronizedBuildFileExceptionSet;
			membershipExceptions = (
				Assets.xcassets,
				CurrencyHelpers.swift,
				Helpers/DeviceType.swift,
				Helpers/DoubleHelpers.swift,
				Helpers/ImageHelpers.swift,
				Loggers.swift,
				Model/DB/AppDatabase.swift,
				Model/DB/Campaign.swift,
				Model/DB/HeadToHead.swift,
				Model/DB/Milestone.swift,
				Model/DB/Persistence.swift,
				Model/DB/Reward.swift,
				Model/DB/TeamEvent.swift,
				Model/TiltifyWidgetData.swift,
				Modifiers/PixelRounding.swift,
				Networking/ApiClient.swift,
				Networking/ApiClientRequestQueries.swift,
				Networking/Model.swift,
				Views/EasterEggs/EasterEggImage.swift,
			);
			target = 63BFF19A26D5D37C0023263D /* Intents Extension */;
		};
		5EE6B4712E449B8F00DEBA1C /* PBXFileSystemSynchronizedBuildFileExceptionSet */ = {
			isa = PBXFileSystemSynchronizedBuildFileExceptionSet;
			membershipExceptions = (
				Assets.xcassets,
				CurrencyHelpers.swift,
				Fonts/ChicagoFLF.ttf,
				Helpers/BlinkingView.swift,
				Helpers/CampaignHelpers.swift,
				Helpers/CheckNewMilestones.swift,
				Helpers/CheckSignificantAmounts.swift,
				Helpers/DeviceType.swift,
				Helpers/DoubleHelpers.swift,
				Helpers/FontHelpers.swift,
				Helpers/ImageHelpers.swift,
				Helpers/NotificationHelpers.swift,
				Helpers/Notifications.swift,
				Helpers/Players.swift,
				Loggers.swift,
				Model/DB/AppDatabase.swift,
				Model/DB/Campaign.swift,
				Model/DB/HeadToHead.swift,
				Model/DB/Milestone.swift,
				Model/DB/Persistence.swift,
				Model/DB/Reward.swift,
				Model/DB/TeamEvent.swift,
				Model/TiltifyWidgetData.swift,
				Modifiers/PixelRounding.swift,
				Networking/ApiClient.swift,
				Networking/ApiClientRequestQueries.swift,
				Networking/Model.swift,
				Styles/BlockGroupBoxStyle.swift,
				Views/CampaignTitle.swift,
				Views/EasterEggs/EasterEggImage.swift,
				Views/EntryView.swift,
				Views/MilestoneView.swift,
				Views/ProgressBar.swift,
				Views/ScaledNinePartImage.swift,
				Views/SkyView.swift,
			);
			target = 63574A1126D658FD00A2D495 /* macOS WidgetExtension */;
		};
		5EE6B4AD2E449B9900DEBA1C /* PBXFileSystemSynchronizedBuildFileExceptionSet */ = {
			isa = PBXFileSystemSynchronizedBuildFileExceptionSet;
			membershipExceptions = (
				SampleCampaign.swift,
				WidgetFamily.swift,
			);
			target = 6357653326D1A73E004F04DE /* St Jude (iOS) */;
		};
		5EE6B4AE2E449B9900DEBA1C /* PBXFileSystemSynchronizedBuildFileExceptionSet */ = {
			isa = PBXFileSystemSynchronizedBuildFileExceptionSet;
			membershipExceptions = (
				SampleCampaign.swift,
				WidgetFamily.swift,
			);
			target = 6357653926D1A73E004F04DE /* St Jude (macOS) */;
		};
/* End PBXFileSystemSynchronizedBuildFileExceptionSet section */

/* Begin PBXFileSystemSynchronizedRootGroup section */
		5EB7C6DD2E44A99A00C44B4F /* Extensions */ = {isa = PBXFileSystemSynchronizedRootGroup; explicitFileTypes = {}; explicitFolders = (); path = Extensions; sourceTree = "<group>"; };
		5EB7C6E22E44A9B900C44B4F /* Handlers */ = {isa = PBXFileSystemSynchronizedRootGroup; explicitFileTypes = {}; explicitFolders = (); path = Handlers; sourceTree = "<group>"; };
		5EE6B2492E449B7300DEBA1C /* Extensions */ = {isa = PBXFileSystemSynchronizedRootGroup; exceptions = (5EE6B25E2E449B7300DEBA1C /* PBXFileSystemSynchronizedBuildFileExceptionSet */, 5EE6B25F2E449B7300DEBA1C /* PBXFileSystemSynchronizedBuildFileExceptionSet */, 5EE6B2602E449B7300DEBA1C /* PBXFileSystemSynchronizedBuildFileExceptionSet */, 5EE6B2612E449B7300DEBA1C /* PBXFileSystemSynchronizedBuildFileExceptionSet */, ); explicitFileTypes = {}; explicitFolders = (); path = Extensions; sourceTree = "<group>"; };
		5EE6B2652E449B7600DEBA1C /* iOS */ = {isa = PBXFileSystemSynchronizedRootGroup; explicitFileTypes = {}; explicitFolders = (); path = iOS; sourceTree = "<group>"; };
		5EE6B26B2E449B7700DEBA1C /* macOS */ = {isa = PBXFileSystemSynchronizedRootGroup; explicitFileTypes = {}; explicitFolders = (); path = macOS; sourceTree = "<group>"; };
		5EE6B2702E449B7900DEBA1C /* Tests iOS */ = {isa = PBXFileSystemSynchronizedRootGroup; explicitFileTypes = {}; explicitFolders = (); path = "Tests iOS"; sourceTree = "<group>"; };
		5EE6B2752E449B7A00DEBA1C /* Tests macOS */ = {isa = PBXFileSystemSynchronizedRootGroup; explicitFileTypes = {}; explicitFolders = (); path = "Tests macOS"; sourceTree = "<group>"; };
		5EE6B27D2E449B7C00DEBA1C /* Tiltify St Jude Widget */ = {isa = PBXFileSystemSynchronizedRootGroup; exceptions = (5EE6B28B2E449B7C00DEBA1C /* PBXFileSystemSynchronizedBuildFileExceptionSet */, 5EE6B28C2E449B7C00DEBA1C /* PBXFileSystemSynchronizedBuildFileExceptionSet */, 5EE6B28D2E449B7C00DEBA1C /* PBXFileSystemSynchronizedBuildFileExceptionSet */, 5EE6B28E2E449B7C00DEBA1C /* PBXFileSystemSynchronizedBuildFileExceptionSet */, 5EE6B28F2E449B7C00DEBA1C /* PBXFileSystemSynchronizedBuildFileExceptionSet */, ); explicitFileTypes = {}; explicitFolders = (); path = "Tiltify St Jude Widget"; sourceTree = "<group>"; };
		5EE6B2942E449B7E00DEBA1C /* macOS Widget */ = {isa = PBXFileSystemSynchronizedRootGroup; exceptions = (5EE6B29A2E449B7E00DEBA1C /* PBXFileSystemSynchronizedBuildFileExceptionSet */, 5EE6B29B2E449B7E00DEBA1C /* PBXFileSystemSynchronizedBuildFileExceptionSet */, ); explicitFileTypes = {}; explicitFolders = (); path = "macOS Widget"; sourceTree = "<group>"; };
		5EE6B3252E449B8F00DEBA1C /* Shared */ = {isa = PBXFileSystemSynchronizedRootGroup; exceptions = (5EE6B46E2E449B8F00DEBA1C /* PBXFileSystemSynchronizedBuildFileExceptionSet */, 5EE6B46F2E449B8F00DEBA1C /* PBXFileSystemSynchronizedBuildFileExceptionSet */, 5EE6B4702E449B8F00DEBA1C /* PBXFileSystemSynchronizedBuildFileExceptionSet */, 5EE6B4712E449B8F00DEBA1C /* PBXFileSystemSynchronizedBuildFileExceptionSet */, ); explicitFileTypes = {}; explicitFolders = (); path = Shared; sourceTree = "<group>"; };
		5EE6B4842E449B9900DEBA1C /* Shared Widgets */ = {isa = PBXFileSystemSynchronizedRootGroup; exceptions = (5EE6B4AD2E449B9900DEBA1C /* PBXFileSystemSynchronizedBuildFileExceptionSet */, 5EE6B4AE2E449B9900DEBA1C /* PBXFileSystemSynchronizedBuildFileExceptionSet */, ); explicitFileTypes = {}; explicitFolders = (); path = "Shared Widgets"; sourceTree = "<group>"; };
/* End PBXFileSystemSynchronizedRootGroup section */

/* Begin PBXFrameworksBuildPhase section */
		63574A0F26D658FD00A2D495 /* Frameworks */ = {
			isa = PBXFrameworksBuildPhase;
			buildActionMask = 2147483647;
			files = (
				63D0CD2E28B63C730073957E /* GRDB in Frameworks */,
				63574A1426D658FD00A2D495 /* SwiftUI.framework in Frameworks */,
				63574A1326D658FD00A2D495 /* WidgetKit.framework in Frameworks */,
			);
			runOnlyForDeploymentPostprocessing = 0;
		};
		6357653126D1A73E004F04DE /* Frameworks */ = {
			isa = PBXFrameworksBuildPhase;
			buildActionMask = 2147483647;
			files = (
				5EE56C0B2A7AABED00FA71DF /* Kingfisher in Frameworks */,
				63D0CD2628B63C500073957E /* GRDB in Frameworks */,
			);
			runOnlyForDeploymentPostprocessing = 0;
		};
		6357653726D1A73E004F04DE /* Frameworks */ = {
			isa = PBXFrameworksBuildPhase;
			buildActionMask = 2147483647;
			files = (
				63D0CD2828B63C580073957E /* GRDB in Frameworks */,
			);
			runOnlyForDeploymentPostprocessing = 0;
		};
		6357653C26D1A73E004F04DE /* Frameworks */ = {
			isa = PBXFrameworksBuildPhase;
			buildActionMask = 2147483647;
			files = (
			);
			runOnlyForDeploymentPostprocessing = 0;
		};
		6357654826D1A73E004F04DE /* Frameworks */ = {
			isa = PBXFrameworksBuildPhase;
			buildActionMask = 2147483647;
			files = (
			);
			runOnlyForDeploymentPostprocessing = 0;
		};
		6357656826D1AD24004F04DE /* Frameworks */ = {
			isa = PBXFrameworksBuildPhase;
			buildActionMask = 2147483647;
			files = (
				63D0CD2A28B63C640073957E /* GRDB in Frameworks */,
				6357657026D1AD25004F04DE /* SwiftUI.framework in Frameworks */,
				6357656E26D1AD25004F04DE /* WidgetKit.framework in Frameworks */,
			);
			runOnlyForDeploymentPostprocessing = 0;
		};
		63BFF19826D5D37C0023263D /* Frameworks */ = {
			isa = PBXFrameworksBuildPhase;
			buildActionMask = 2147483647;
			files = (
				63BFF19C26D5D37C0023263D /* Intents.framework in Frameworks */,
				63D0CD2C28B63C6D0073957E /* GRDB in Frameworks */,
			);
			runOnlyForDeploymentPostprocessing = 0;
		};
/* End PBXFrameworksBuildPhase section */

/* Begin PBXGroup section */
		5EB7C6CA2E44A96600C44B4F /* Intents Extension */ = {
			isa = PBXGroup;
			children = (
				5EB7C6E22E44A9B900C44B4F /* Handlers */,
				5EB7C6DD2E44A99A00C44B4F /* Extensions */,
				5EB7C6C42E44A96600C44B4F /* Info.plist */,
				5EB7C6C82E44A96600C44B4F /* Intents.intentdefinition */,
				5EB7C6C92E44A96600C44B4F /* Intents Extension.entitlements */,
			);
			path = "Intents Extension";
			sourceTree = "<group>";
		};
		6357652726D1A73B004F04DE = {
			isa = PBXGroup;
			children = (
				63E19D6426E55768009F318F /* exportOptions.plist */,
				63574A4726D65E5C00A2D495 /* macOS WidgetExtension.entitlements */,
				63574A4326D65DD300A2D495 /* St-Jude--macOS--Info.plist */,
				DE9E595426D57A840009C060 /* St-Jude--iOS--Info.plist */,
				5EE6B2492E449B7300DEBA1C /* Extensions */,
				DE9E595326D56EF90009C060 /* Tiltify St Jude WidgetExtension.entitlements */,
				63ACF00C26D3E8DB00F98023 /* St Jude (iOS).entitlements */,
				63ACF00B26D3E8A400F98023 /* St Jude (macOS).entitlements */,
				5EE6B3252E449B8F00DEBA1C /* Shared */,
				5EE6B4842E449B9900DEBA1C /* Shared Widgets */,
				5EE6B2652E449B7600DEBA1C /* iOS */,
				5EE6B26B2E449B7700DEBA1C /* macOS */,
				5EE6B2702E449B7900DEBA1C /* Tests iOS */,
				5EE6B2752E449B7A00DEBA1C /* Tests macOS */,
				5EE6B27D2E449B7C00DEBA1C /* Tiltify St Jude Widget */,
				5EB7C6CA2E44A96600C44B4F /* Intents Extension */,
				5EE6B2942E449B7E00DEBA1C /* macOS Widget */,
				6357656C26D1AD24004F04DE /* Frameworks */,
				6357653526D1A73E004F04DE /* Products */,
			);
			sourceTree = "<group>";
		};
		6357653526D1A73E004F04DE /* Products */ = {
			isa = PBXGroup;
			children = (
				6357653426D1A73E004F04DE /* St Jude.app */,
				6357653A26D1A73E004F04DE /* St Jude.app */,
				6357653F26D1A73E004F04DE /* Tests iOS.xctest */,
				6357654B26D1A73E004F04DE /* Tests macOS.xctest */,
				6357656B26D1AD24004F04DE /* Tiltify St Jude WidgetExtension.appex */,
				63BFF19B26D5D37C0023263D /* Intents Extension.appex */,
				63574A1226D658FD00A2D495 /* macOS WidgetExtension.appex */,
			);
			name = Products;
			sourceTree = "<group>";
		};
		6357656C26D1AD24004F04DE /* Frameworks */ = {
			isa = PBXGroup;
			children = (
				6357656D26D1AD24004F04DE /* WidgetKit.framework */,
				6357656F26D1AD25004F04DE /* SwiftUI.framework */,
				63BFF18426D5CA400023263D /* Intents.framework */,
			);
			name = Frameworks;
			sourceTree = "<group>";
		};
/* End PBXGroup section */

/* Begin PBXNativeTarget section */
		63574A1126D658FD00A2D495 /* macOS WidgetExtension */ = {
			isa = PBXNativeTarget;
			buildConfigurationList = 63574A2426D6590000A2D495 /* Build configuration list for PBXNativeTarget "macOS WidgetExtension" */;
			buildPhases = (
				63574A0E26D658FD00A2D495 /* Sources */,
				63574A0F26D658FD00A2D495 /* Frameworks */,
				63574A1026D658FD00A2D495 /* Resources */,
				63D0CCEE28B1013E0073957E /* Embed Frameworks */,
			);
			buildRules = (
			);
			dependencies = (
			);
			fileSystemSynchronizedGroups = (
				5EE6B2942E449B7E00DEBA1C /* macOS Widget */,
				5EE6B4842E449B9900DEBA1C /* Shared Widgets */,
			);
			name = "macOS WidgetExtension";
			packageProductDependencies = (
				63D0CD2D28B63C730073957E /* GRDB */,
			);
			productName = "macOS WidgetExtension";
			productReference = 63574A1226D658FD00A2D495 /* macOS WidgetExtension.appex */;
			productType = "com.apple.product-type.app-extension";
		};
		6357653326D1A73E004F04DE /* St Jude (iOS) */ = {
			isa = PBXNativeTarget;
			buildConfigurationList = 6357655B26D1A73E004F04DE /* Build configuration list for PBXNativeTarget "St Jude (iOS)" */;
			buildPhases = (
				6357653026D1A73E004F04DE /* Sources */,
				6357653126D1A73E004F04DE /* Frameworks */,
				6357653226D1A73E004F04DE /* Resources */,
				6357658026D1AD28004F04DE /* Embed Foundation Extensions */,
				63D0CD2428B639DD0073957E /* Embed Frameworks */,
			);
			buildRules = (
			);
			dependencies = (
				6357657B26D1AD28004F04DE /* PBXTargetDependency */,
				63BFF1A226D5D37C0023263D /* PBXTargetDependency */,
			);
			fileSystemSynchronizedGroups = (
				5EE6B2492E449B7300DEBA1C /* Extensions */,
				5EE6B2652E449B7600DEBA1C /* iOS */,
				5EE6B3252E449B8F00DEBA1C /* Shared */,
			);
			name = "St Jude (iOS)";
			packageProductDependencies = (
				63D0CD2528B63C500073957E /* GRDB */,
				5EE56C0A2A7AABED00FA71DF /* Kingfisher */,
			);
			productName = "St Nude (iOS)";
			productReference = 6357653426D1A73E004F04DE /* St Jude.app */;
			productType = "com.apple.product-type.application";
		};
		6357653926D1A73E004F04DE /* St Jude (macOS) */ = {
			isa = PBXNativeTarget;
			buildConfigurationList = 6357655E26D1A73E004F04DE /* Build configuration list for PBXNativeTarget "St Jude (macOS)" */;
			buildPhases = (
				6357653626D1A73E004F04DE /* Sources */,
				6357653726D1A73E004F04DE /* Frameworks */,
				6357653826D1A73E004F04DE /* Resources */,
				63574A2126D6590000A2D495 /* Embed Foundation Extensions */,
				63D0CCE228B1012D0073957E /* Embed Frameworks */,
			);
			buildRules = (
			);
			dependencies = (
				63574A1F26D6590000A2D495 /* PBXTargetDependency */,
			);
			fileSystemSynchronizedGroups = (
				5EE6B2492E449B7300DEBA1C /* Extensions */,
				5EE6B26B2E449B7700DEBA1C /* macOS */,
				5EE6B3252E449B8F00DEBA1C /* Shared */,
			);
			name = "St Jude (macOS)";
			packageProductDependencies = (
				63D0CD2728B63C580073957E /* GRDB */,
			);
			productName = "St Nude (macOS)";
			productReference = 6357653A26D1A73E004F04DE /* St Jude.app */;
			productType = "com.apple.product-type.application";
		};
		6357653E26D1A73E004F04DE /* Tests iOS */ = {
			isa = PBXNativeTarget;
			buildConfigurationList = 6357656126D1A73E004F04DE /* Build configuration list for PBXNativeTarget "Tests iOS" */;
			buildPhases = (
				6357653B26D1A73E004F04DE /* Sources */,
				6357653C26D1A73E004F04DE /* Frameworks */,
				6357653D26D1A73E004F04DE /* Resources */,
			);
			buildRules = (
			);
			dependencies = (
				6357654126D1A73E004F04DE /* PBXTargetDependency */,
			);
			fileSystemSynchronizedGroups = (
				5EE6B2702E449B7900DEBA1C /* Tests iOS */,
			);
			name = "Tests iOS";
			packageProductDependencies = (
			);
			productName = "Tests iOS";
			productReference = 6357653F26D1A73E004F04DE /* Tests iOS.xctest */;
			productType = "com.apple.product-type.bundle.ui-testing";
		};
		6357654A26D1A73E004F04DE /* Tests macOS */ = {
			isa = PBXNativeTarget;
			buildConfigurationList = 6357656426D1A73E004F04DE /* Build configuration list for PBXNativeTarget "Tests macOS" */;
			buildPhases = (
				6357654726D1A73E004F04DE /* Sources */,
				6357654826D1A73E004F04DE /* Frameworks */,
				6357654926D1A73E004F04DE /* Resources */,
			);
			buildRules = (
			);
			dependencies = (
				6357654D26D1A73E004F04DE /* PBXTargetDependency */,
			);
			fileSystemSynchronizedGroups = (
				5EE6B2752E449B7A00DEBA1C /* Tests macOS */,
			);
			name = "Tests macOS";
			packageProductDependencies = (
			);
			productName = "Tests macOS";
			productReference = 6357654B26D1A73E004F04DE /* Tests macOS.xctest */;
			productType = "com.apple.product-type.bundle.ui-testing";
		};
		6357656A26D1AD24004F04DE /* Tiltify St Jude WidgetExtension */ = {
			isa = PBXNativeTarget;
			buildConfigurationList = 6357657D26D1AD28004F04DE /* Build configuration list for PBXNativeTarget "Tiltify St Jude WidgetExtension" */;
			buildPhases = (
				6357656726D1AD24004F04DE /* Sources */,
				6357656826D1AD24004F04DE /* Frameworks */,
				6357656926D1AD24004F04DE /* Resources */,
				63D0CCE628B101340073957E /* Embed Frameworks */,
			);
			buildRules = (
			);
			dependencies = (
			);
			fileSystemSynchronizedGroups = (
				5EE6B27D2E449B7C00DEBA1C /* Tiltify St Jude Widget */,
				5EE6B4842E449B9900DEBA1C /* Shared Widgets */,
			);
			name = "Tiltify St Jude WidgetExtension";
			packageProductDependencies = (
				63D0CD2928B63C640073957E /* GRDB */,
			);
			productName = "Tiltify St Jude WidgetExtension";
			productReference = 6357656B26D1AD24004F04DE /* Tiltify St Jude WidgetExtension.appex */;
			productType = "com.apple.product-type.app-extension";
		};
		63BFF19A26D5D37C0023263D /* Intents Extension */ = {
			isa = PBXNativeTarget;
			buildConfigurationList = 63BFF1A426D5D37C0023263D /* Build configuration list for PBXNativeTarget "Intents Extension" */;
			buildPhases = (
				63BFF19726D5D37C0023263D /* Sources */,
				63BFF19826D5D37C0023263D /* Frameworks */,
				63BFF19926D5D37C0023263D /* Resources */,
				63D0CCEA28B1013A0073957E /* Embed Frameworks */,
			);
			buildRules = (
			);
			dependencies = (
			);
			fileSystemSynchronizedGroups = (
				5EB7C6DD2E44A99A00C44B4F /* Extensions */,
				5EB7C6E22E44A9B900C44B4F /* Handlers */,
			);
			name = "Intents Extension";
			packageProductDependencies = (
				63D0CD2B28B63C6D0073957E /* GRDB */,
			);
			productName = "Intents Extension";
			productReference = 63BFF19B26D5D37C0023263D /* Intents Extension.appex */;
			productType = "com.apple.product-type.app-extension";
		};
/* End PBXNativeTarget section */

/* Begin PBXProject section */
		6357652826D1A73B004F04DE /* Project object */ = {
			isa = PBXProject;
			attributes = {
				BuildIndependentTargetsInParallel = 1;
				LastSwiftUpdateCheck = 1300;
				LastUpgradeCheck = 1540;
				TargetAttributes = {
					63574A1126D658FD00A2D495 = {
						CreatedOnToolsVersion = 13.0;
					};
					6357653326D1A73E004F04DE = {
						CreatedOnToolsVersion = 13.0;
					};
					6357653926D1A73E004F04DE = {
						CreatedOnToolsVersion = 13.0;
					};
					6357653E26D1A73E004F04DE = {
						CreatedOnToolsVersion = 13.0;
						TestTargetID = 6357653326D1A73E004F04DE;
					};
					6357654A26D1A73E004F04DE = {
						CreatedOnToolsVersion = 13.0;
						TestTargetID = 6357653926D1A73E004F04DE;
					};
					6357656A26D1AD24004F04DE = {
						CreatedOnToolsVersion = 13.0;
					};
					63BFF19A26D5D37C0023263D = {
						CreatedOnToolsVersion = 13.0;
					};
				};
			};
			buildConfigurationList = 6357652B26D1A73B004F04DE /* Build configuration list for PBXProject "St Jude" */;
			compatibilityVersion = "Xcode 13.0";
			developmentRegion = en;
			hasScannedForEncodings = 0;
			knownRegions = (
				en,
				Base,
			);
			mainGroup = 6357652726D1A73B004F04DE;
			packageReferences = (
				63D0CCDC28B101200073957E /* XCRemoteSwiftPackageReference "GRDB.swift" */,
				16AF570528C63180006B9530 /* XCRemoteSwiftPackageReference "Kingfisher" */,
			);
			productRefGroup = 6357653526D1A73E004F04DE /* Products */;
			projectDirPath = "";
			projectRoot = "";
			targets = (
				6357653326D1A73E004F04DE /* St Jude (iOS) */,
				6357653926D1A73E004F04DE /* St Jude (macOS) */,
				6357653E26D1A73E004F04DE /* Tests iOS */,
				6357654A26D1A73E004F04DE /* Tests macOS */,
				6357656A26D1AD24004F04DE /* Tiltify St Jude WidgetExtension */,
				63BFF19A26D5D37C0023263D /* Intents Extension */,
				63574A1126D658FD00A2D495 /* macOS WidgetExtension */,
			);
		};
/* End PBXProject section */

/* Begin PBXResourcesBuildPhase section */
		63574A1026D658FD00A2D495 /* Resources */ = {
			isa = PBXResourcesBuildPhase;
			buildActionMask = 2147483647;
			files = (
			);
			runOnlyForDeploymentPostprocessing = 0;
		};
		6357653226D1A73E004F04DE /* Resources */ = {
			isa = PBXResourcesBuildPhase;
			buildActionMask = 2147483647;
			files = (
			);
			runOnlyForDeploymentPostprocessing = 0;
		};
		6357653826D1A73E004F04DE /* Resources */ = {
			isa = PBXResourcesBuildPhase;
			buildActionMask = 2147483647;
			files = (
			);
			runOnlyForDeploymentPostprocessing = 0;
		};
		6357653D26D1A73E004F04DE /* Resources */ = {
			isa = PBXResourcesBuildPhase;
			buildActionMask = 2147483647;
			files = (
			);
			runOnlyForDeploymentPostprocessing = 0;
		};
		6357654926D1A73E004F04DE /* Resources */ = {
			isa = PBXResourcesBuildPhase;
			buildActionMask = 2147483647;
			files = (
			);
			runOnlyForDeploymentPostprocessing = 0;
		};
		6357656926D1AD24004F04DE /* Resources */ = {
			isa = PBXResourcesBuildPhase;
			buildActionMask = 2147483647;
			files = (
			);
			runOnlyForDeploymentPostprocessing = 0;
		};
		63BFF19926D5D37C0023263D /* Resources */ = {
			isa = PBXResourcesBuildPhase;
			buildActionMask = 2147483647;
			files = (
			);
			runOnlyForDeploymentPostprocessing = 0;
		};
/* End PBXResourcesBuildPhase section */

/* Begin PBXSourcesBuildPhase section */
		63574A0E26D658FD00A2D495 /* Sources */ = {
			isa = PBXSourcesBuildPhase;
			buildActionMask = 2147483647;
			files = (
			);
			runOnlyForDeploymentPostprocessing = 0;
		};
		6357653026D1A73E004F04DE /* Sources */ = {
			isa = PBXSourcesBuildPhase;
			buildActionMask = 2147483647;
			files = (
				5EB7C6D62E44A96600C44B4F /* Intents.intentdefinition in Sources */,
			);
			runOnlyForDeploymentPostprocessing = 0;
		};
		6357653626D1A73E004F04DE /* Sources */ = {
			isa = PBXSourcesBuildPhase;
			buildActionMask = 2147483647;
			files = (
				5EB7C6D72E44A96600C44B4F /* Intents.intentdefinition in Sources */,
			);
			runOnlyForDeploymentPostprocessing = 0;
		};
		6357653B26D1A73E004F04DE /* Sources */ = {
			isa = PBXSourcesBuildPhase;
			buildActionMask = 2147483647;
			files = (
			);
			runOnlyForDeploymentPostprocessing = 0;
		};
		6357654726D1A73E004F04DE /* Sources */ = {
			isa = PBXSourcesBuildPhase;
			buildActionMask = 2147483647;
			files = (
			);
			runOnlyForDeploymentPostprocessing = 0;
		};
		6357656726D1AD24004F04DE /* Sources */ = {
			isa = PBXSourcesBuildPhase;
			buildActionMask = 2147483647;
			files = (
				5EB7C6D82E44A96600C44B4F /* Intents.intentdefinition in Sources */,
			);
			runOnlyForDeploymentPostprocessing = 0;
		};
		63BFF19726D5D37C0023263D /* Sources */ = {
			isa = PBXSourcesBuildPhase;
			buildActionMask = 2147483647;
			files = (
				5EB7C6D92E44A96600C44B4F /* Intents.intentdefinition in Sources */,
			);
			runOnlyForDeploymentPostprocessing = 0;
		};
/* End PBXSourcesBuildPhase section */

/* Begin PBXTargetDependency section */
		63574A1F26D6590000A2D495 /* PBXTargetDependency */ = {
			isa = PBXTargetDependency;
			target = 63574A1126D658FD00A2D495 /* macOS WidgetExtension */;
			targetProxy = 63574A1E26D6590000A2D495 /* PBXContainerItemProxy */;
		};
		6357654126D1A73E004F04DE /* PBXTargetDependency */ = {
			isa = PBXTargetDependency;
			target = 6357653326D1A73E004F04DE /* St Jude (iOS) */;
			targetProxy = 6357654026D1A73E004F04DE /* PBXContainerItemProxy */;
		};
		6357654D26D1A73E004F04DE /* PBXTargetDependency */ = {
			isa = PBXTargetDependency;
			target = 6357653926D1A73E004F04DE /* St Jude (macOS) */;
			targetProxy = 6357654C26D1A73E004F04DE /* PBXContainerItemProxy */;
		};
		6357657B26D1AD28004F04DE /* PBXTargetDependency */ = {
			isa = PBXTargetDependency;
			target = 6357656A26D1AD24004F04DE /* Tiltify St Jude WidgetExtension */;
			targetProxy = 6357657A26D1AD28004F04DE /* PBXContainerItemProxy */;
		};
		63BFF1A226D5D37C0023263D /* PBXTargetDependency */ = {
			isa = PBXTargetDependency;
			target = 63BFF19A26D5D37C0023263D /* Intents Extension */;
			targetProxy = 63BFF1A126D5D37C0023263D /* PBXContainerItemProxy */;
		};
/* End PBXTargetDependency section */

/* Begin PBXVariantGroup section */
		5EB7C6C82E44A96600C44B4F /* Intents.intentdefinition */ = {
			isa = PBXVariantGroup;
			children = (
				5EB7C6C62E44A96600C44B4F /* Base */,
				5EB7C6C72E44A96600C44B4F /* en */,
			);
			name = Intents.intentdefinition;
			sourceTree = "<group>";
		};
/* End PBXVariantGroup section */

/* Begin XCBuildConfiguration section */
		63574A2226D6590000A2D495 /* Debug */ = {
			isa = XCBuildConfiguration;
			buildSettings = {
				ASSETCATALOG_COMPILER_GLOBAL_ACCENT_COLOR_NAME = AccentColor;
				ASSETCATALOG_COMPILER_WIDGET_BACKGROUND_COLOR_NAME = WidgetBackground;
				CODE_SIGN_ENTITLEMENTS = "macOS WidgetExtension.entitlements";
				CODE_SIGN_STYLE = Automatic;
				CURRENT_PROJECT_VERSION = 166;
				DEAD_CODE_STRIPPING = YES;
				DEVELOPMENT_TEAM = QRVYSKD5TN;
				ENABLE_APP_SANDBOX = YES;
				GENERATE_INFOPLIST_FILE = YES;
				INFOPLIST_FILE = "macOS Widget/Info.plist";
				INFOPLIST_KEY_CFBundleDisplayName = "macOS Widget";
				INFOPLIST_KEY_NSHumanReadableCopyright = "";
				LD_RUNPATH_SEARCH_PATHS = (
					"$(inherited)",
					"@executable_path/../Frameworks",
					"@executable_path/../../../../Frameworks",
				);
				MACOSX_DEPLOYMENT_TARGET = 14.6;
				MARKETING_VERSION = "${MARKETING_VERSION}";
				PRODUCT_BUNDLE_IDENTIFIER = dev.snailedit.stjude.macOSWidgetExtension;
				PRODUCT_NAME = "$(TARGET_NAME)";
				SDKROOT = macosx;
				SKIP_INSTALL = YES;
				SWIFT_EMIT_LOC_STRINGS = YES;
				SWIFT_VERSION = 5.0;
			};
			name = Debug;
		};
		63574A2326D6590000A2D495 /* Release */ = {
			isa = XCBuildConfiguration;
			buildSettings = {
				ASSETCATALOG_COMPILER_GLOBAL_ACCENT_COLOR_NAME = AccentColor;
				ASSETCATALOG_COMPILER_WIDGET_BACKGROUND_COLOR_NAME = WidgetBackground;
				CODE_SIGN_ENTITLEMENTS = "macOS WidgetExtension.entitlements";
				CODE_SIGN_STYLE = Automatic;
				CURRENT_PROJECT_VERSION = 166;
				DEAD_CODE_STRIPPING = YES;
				DEVELOPMENT_TEAM = QRVYSKD5TN;
				ENABLE_APP_SANDBOX = YES;
				GENERATE_INFOPLIST_FILE = YES;
				INFOPLIST_FILE = "macOS Widget/Info.plist";
				INFOPLIST_KEY_CFBundleDisplayName = "macOS Widget";
				INFOPLIST_KEY_NSHumanReadableCopyright = "";
				LD_RUNPATH_SEARCH_PATHS = (
					"$(inherited)",
					"@executable_path/../Frameworks",
					"@executable_path/../../../../Frameworks",
				);
				MACOSX_DEPLOYMENT_TARGET = 14.6;
				MARKETING_VERSION = "${MARKETING_VERSION}";
				PRODUCT_BUNDLE_IDENTIFIER = dev.snailedit.stjude.macOSWidgetExtension;
				PRODUCT_NAME = "$(TARGET_NAME)";
				SDKROOT = macosx;
				SKIP_INSTALL = YES;
				SWIFT_EMIT_LOC_STRINGS = YES;
				SWIFT_VERSION = 5.0;
			};
			name = Release;
		};
		6357655926D1A73E004F04DE /* Debug */ = {
			isa = XCBuildConfiguration;
			buildSettings = {
				ALWAYS_SEARCH_USER_PATHS = NO;
				ASSETCATALOG_COMPILER_ALTERNATE_APPICON_NAMES = "icon-flowers icon-cloud icon-bush icon-stephenKart icon-mykeKart icon-stephen icon-myke icon-l2cu icon-jony icon-questionblock icon-logo";
				CLANG_ANALYZER_NONNULL = YES;
				CLANG_ANALYZER_NUMBER_OBJECT_CONVERSION = YES_AGGRESSIVE;
				CLANG_CXX_LANGUAGE_STANDARD = "gnu++17";
				CLANG_CXX_LIBRARY = "libc++";
				CLANG_ENABLE_MODULES = YES;
				CLANG_ENABLE_OBJC_ARC = YES;
				CLANG_ENABLE_OBJC_WEAK = YES;
				CLANG_WARN_BLOCK_CAPTURE_AUTORELEASING = YES;
				CLANG_WARN_BOOL_CONVERSION = YES;
				CLANG_WARN_COMMA = YES;
				CLANG_WARN_CONSTANT_CONVERSION = YES;
				CLANG_WARN_DEPRECATED_OBJC_IMPLEMENTATIONS = YES;
				CLANG_WARN_DIRECT_OBJC_ISA_USAGE = YES_ERROR;
				CLANG_WARN_DOCUMENTATION_COMMENTS = YES;
				CLANG_WARN_EMPTY_BODY = YES;
				CLANG_WARN_ENUM_CONVERSION = YES;
				CLANG_WARN_INFINITE_RECURSION = YES;
				CLANG_WARN_INT_CONVERSION = YES;
				CLANG_WARN_NON_LITERAL_NULL_CONVERSION = YES;
				CLANG_WARN_OBJC_IMPLICIT_RETAIN_SELF = YES;
				CLANG_WARN_OBJC_LITERAL_CONVERSION = YES;
				CLANG_WARN_OBJC_ROOT_CLASS = YES_ERROR;
				CLANG_WARN_QUOTED_INCLUDE_IN_FRAMEWORK_HEADER = YES;
				CLANG_WARN_RANGE_LOOP_ANALYSIS = YES;
				CLANG_WARN_STRICT_PROTOTYPES = YES;
				CLANG_WARN_SUSPICIOUS_MOVE = YES;
				CLANG_WARN_UNGUARDED_AVAILABILITY = YES_AGGRESSIVE;
				CLANG_WARN_UNREACHABLE_CODE = YES;
				CLANG_WARN__DUPLICATE_METHOD_MATCH = YES;
				COPY_PHASE_STRIP = NO;
				CURRENT_PROJECT_VERSION = 166;
				DEAD_CODE_STRIPPING = YES;
				DEBUG_INFORMATION_FORMAT = dwarf;
				ENABLE_STRICT_OBJC_MSGSEND = YES;
				ENABLE_TESTABILITY = YES;
				ENABLE_USER_SCRIPT_SANDBOXING = YES;
				GCC_C_LANGUAGE_STANDARD = gnu11;
				GCC_DYNAMIC_NO_PIC = NO;
				GCC_NO_COMMON_BLOCKS = YES;
				GCC_OPTIMIZATION_LEVEL = 0;
				GCC_PREPROCESSOR_DEFINITIONS = (
					"DEBUG=1",
					"$(inherited)",
				);
				GCC_WARN_64_TO_32_BIT_CONVERSION = YES;
				GCC_WARN_ABOUT_RETURN_TYPE = YES_ERROR;
				GCC_WARN_UNDECLARED_SELECTOR = YES;
				GCC_WARN_UNINITIALIZED_AUTOS = YES_AGGRESSIVE;
				GCC_WARN_UNUSED_FUNCTION = YES;
				GCC_WARN_UNUSED_VARIABLE = YES;
				MARKETING_VERSION = 2025;
				MTL_ENABLE_DEBUG_INFO = INCLUDE_SOURCE;
				MTL_FAST_MATH = YES;
				ONLY_ACTIVE_ARCH = YES;
				SWIFT_ACTIVE_COMPILATION_CONDITIONS = DEBUG;
				SWIFT_OPTIMIZATION_LEVEL = "-Onone";
			};
			name = Debug;
		};
		6357655A26D1A73E004F04DE /* Release */ = {
			isa = XCBuildConfiguration;
			buildSettings = {
				ALWAYS_SEARCH_USER_PATHS = NO;
				ASSETCATALOG_COMPILER_ALTERNATE_APPICON_NAMES = "icon-flowers icon-cloud icon-bush icon-stephenKart icon-mykeKart icon-stephen icon-myke icon-l2cu icon-jony icon-questionblock icon-logo";
				CLANG_ANALYZER_NONNULL = YES;
				CLANG_ANALYZER_NUMBER_OBJECT_CONVERSION = YES_AGGRESSIVE;
				CLANG_CXX_LANGUAGE_STANDARD = "gnu++17";
				CLANG_CXX_LIBRARY = "libc++";
				CLANG_ENABLE_MODULES = YES;
				CLANG_ENABLE_OBJC_ARC = YES;
				CLANG_ENABLE_OBJC_WEAK = YES;
				CLANG_WARN_BLOCK_CAPTURE_AUTORELEASING = YES;
				CLANG_WARN_BOOL_CONVERSION = YES;
				CLANG_WARN_COMMA = YES;
				CLANG_WARN_CONSTANT_CONVERSION = YES;
				CLANG_WARN_DEPRECATED_OBJC_IMPLEMENTATIONS = YES;
				CLANG_WARN_DIRECT_OBJC_ISA_USAGE = YES_ERROR;
				CLANG_WARN_DOCUMENTATION_COMMENTS = YES;
				CLANG_WARN_EMPTY_BODY = YES;
				CLANG_WARN_ENUM_CONVERSION = YES;
				CLANG_WARN_INFINITE_RECURSION = YES;
				CLANG_WARN_INT_CONVERSION = YES;
				CLANG_WARN_NON_LITERAL_NULL_CONVERSION = YES;
				CLANG_WARN_OBJC_IMPLICIT_RETAIN_SELF = YES;
				CLANG_WARN_OBJC_LITERAL_CONVERSION = YES;
				CLANG_WARN_OBJC_ROOT_CLASS = YES_ERROR;
				CLANG_WARN_QUOTED_INCLUDE_IN_FRAMEWORK_HEADER = YES;
				CLANG_WARN_RANGE_LOOP_ANALYSIS = YES;
				CLANG_WARN_STRICT_PROTOTYPES = YES;
				CLANG_WARN_SUSPICIOUS_MOVE = YES;
				CLANG_WARN_UNGUARDED_AVAILABILITY = YES_AGGRESSIVE;
				CLANG_WARN_UNREACHABLE_CODE = YES;
				CLANG_WARN__DUPLICATE_METHOD_MATCH = YES;
				COPY_PHASE_STRIP = NO;
				CURRENT_PROJECT_VERSION = 166;
				DEAD_CODE_STRIPPING = YES;
				DEBUG_INFORMATION_FORMAT = "dwarf-with-dsym";
				ENABLE_NS_ASSERTIONS = NO;
				ENABLE_STRICT_OBJC_MSGSEND = YES;
				ENABLE_USER_SCRIPT_SANDBOXING = YES;
				GCC_C_LANGUAGE_STANDARD = gnu11;
				GCC_NO_COMMON_BLOCKS = YES;
				GCC_WARN_64_TO_32_BIT_CONVERSION = YES;
				GCC_WARN_ABOUT_RETURN_TYPE = YES_ERROR;
				GCC_WARN_UNDECLARED_SELECTOR = YES;
				GCC_WARN_UNINITIALIZED_AUTOS = YES_AGGRESSIVE;
				GCC_WARN_UNUSED_FUNCTION = YES;
				GCC_WARN_UNUSED_VARIABLE = YES;
				MARKETING_VERSION = 2025;
				MTL_ENABLE_DEBUG_INFO = NO;
				MTL_FAST_MATH = YES;
				SWIFT_COMPILATION_MODE = wholemodule;
				SWIFT_OPTIMIZATION_LEVEL = "-O";
			};
			name = Release;
		};
		6357655C26D1A73E004F04DE /* Debug */ = {
			isa = XCBuildConfiguration;
			buildSettings = {
				ASSETCATALOG_COMPILER_ALTERNATE_APPICON_NAMES = "icon-logo";
				ASSETCATALOG_COMPILER_APPICON_NAME = AppIcon;
				ASSETCATALOG_COMPILER_GLOBAL_ACCENT_COLOR_NAME = AccentColor;
				CODE_SIGN_ENTITLEMENTS = "St Jude (iOS).entitlements";
				CODE_SIGN_IDENTITY = "Apple Development";
				CODE_SIGN_STYLE = Automatic;
				CURRENT_PROJECT_VERSION = 166;
				DEVELOPMENT_TEAM = QRVYSKD5TN;
				ENABLE_PREVIEWS = YES;
				GENERATE_INFOPLIST_FILE = YES;
				INFOPLIST_FILE = "St-Jude--iOS--Info.plist";
				INFOPLIST_KEY_CFBundleDisplayName = "Relay for St. Jude";
				INFOPLIST_KEY_ITSAppUsesNonExemptEncryption = NO;
				INFOPLIST_KEY_NSPhotoLibraryAddUsageDescription = "Save Campaign Image";
				INFOPLIST_KEY_UIApplicationSceneManifest_Generation = YES;
				INFOPLIST_KEY_UIApplicationSupportsIndirectInputEvents = YES;
				INFOPLIST_KEY_UILaunchScreen_Generation = YES;
				INFOPLIST_KEY_UILaunchStoryboardName = LaunchScreen.storyboard;
				INFOPLIST_KEY_UISupportedInterfaceOrientations_iPad = "UIInterfaceOrientationPortrait UIInterfaceOrientationPortraitUpsideDown UIInterfaceOrientationLandscapeLeft UIInterfaceOrientationLandscapeRight";
				INFOPLIST_KEY_UISupportedInterfaceOrientations_iPhone = UIInterfaceOrientationPortrait;
				IPHONEOS_DEPLOYMENT_TARGET = 17.6;
				LD_RUNPATH_SEARCH_PATHS = (
					"$(inherited)",
					"@executable_path/Frameworks",
				);
				MARKETING_VERSION = 2024;
				PRODUCT_BUNDLE_IDENTIFIER = dev.snailedit.stjude;
				PRODUCT_NAME = "St Jude";
				PROVISIONING_PROFILE_SPECIFIER = "";
				SDKROOT = iphoneos;
				SWIFT_EMIT_LOC_STRINGS = YES;
				SWIFT_VERSION = 5.0;
				TARGETED_DEVICE_FAMILY = "1,2";
			};
			name = Debug;
		};
		6357655D26D1A73E004F04DE /* Release */ = {
			isa = XCBuildConfiguration;
			buildSettings = {
				ASSETCATALOG_COMPILER_ALTERNATE_APPICON_NAMES = "icon-logo";
				ASSETCATALOG_COMPILER_APPICON_NAME = AppIcon;
				ASSETCATALOG_COMPILER_GLOBAL_ACCENT_COLOR_NAME = AccentColor;
				CODE_SIGN_ENTITLEMENTS = "St Jude (iOS).entitlements";
				CODE_SIGN_IDENTITY = "Apple Development";
				CODE_SIGN_STYLE = Automatic;
				CURRENT_PROJECT_VERSION = 166;
				DEVELOPMENT_TEAM = QRVYSKD5TN;
				ENABLE_PREVIEWS = YES;
				GENERATE_INFOPLIST_FILE = YES;
				INFOPLIST_FILE = "St-Jude--iOS--Info.plist";
				INFOPLIST_KEY_CFBundleDisplayName = "Relay for St. Jude";
				INFOPLIST_KEY_ITSAppUsesNonExemptEncryption = NO;
				INFOPLIST_KEY_NSPhotoLibraryAddUsageDescription = "Save Campaign Image";
				INFOPLIST_KEY_UIApplicationSceneManifest_Generation = YES;
				INFOPLIST_KEY_UIApplicationSupportsIndirectInputEvents = YES;
				INFOPLIST_KEY_UILaunchScreen_Generation = YES;
				INFOPLIST_KEY_UILaunchStoryboardName = LaunchScreen.storyboard;
				INFOPLIST_KEY_UISupportedInterfaceOrientations_iPad = "UIInterfaceOrientationPortrait UIInterfaceOrientationPortraitUpsideDown UIInterfaceOrientationLandscapeLeft UIInterfaceOrientationLandscapeRight";
				INFOPLIST_KEY_UISupportedInterfaceOrientations_iPhone = UIInterfaceOrientationPortrait;
				IPHONEOS_DEPLOYMENT_TARGET = 17.6;
				LD_RUNPATH_SEARCH_PATHS = (
					"$(inherited)",
					"@executable_path/Frameworks",
				);
				MARKETING_VERSION = 2024;
				PRODUCT_BUNDLE_IDENTIFIER = dev.snailedit.stjude;
				PRODUCT_NAME = "St Jude";
				PROVISIONING_PROFILE_SPECIFIER = "";
				SDKROOT = iphoneos;
				SWIFT_EMIT_LOC_STRINGS = YES;
				SWIFT_VERSION = 5.0;
				TARGETED_DEVICE_FAMILY = "1,2";
				VALIDATE_PRODUCT = YES;
			};
			name = Release;
		};
		6357655F26D1A73E004F04DE /* Debug */ = {
			isa = XCBuildConfiguration;
			buildSettings = {
				ASSETCATALOG_COMPILER_APPICON_NAME = AppIcon;
				ASSETCATALOG_COMPILER_GLOBAL_ACCENT_COLOR_NAME = AccentColor;
				CODE_SIGN_ENTITLEMENTS = "St Jude (macOS).entitlements";
				CODE_SIGN_STYLE = Automatic;
				COMBINE_HIDPI_IMAGES = YES;
				CURRENT_PROJECT_VERSION = 166;
				DEAD_CODE_STRIPPING = YES;
				DEVELOPMENT_TEAM = QRVYSKD5TN;
				ENABLE_APP_SANDBOX = YES;
				ENABLE_HARDENED_RUNTIME = YES;
				ENABLE_PREVIEWS = YES;
				ENABLE_USER_SELECTED_FILES = readonly;
				GENERATE_INFOPLIST_FILE = YES;
				INFOPLIST_FILE = "St-Jude--macOS--Info.plist";
				INFOPLIST_KEY_NSHumanReadableCopyright = "";
				INFOPLIST_KEY_UILaunchStoryboardName = LaunchScreen.storyboard;
				LD_RUNPATH_SEARCH_PATHS = (
					"$(inherited)",
					"@executable_path/../Frameworks",
				);
				MACOSX_DEPLOYMENT_TARGET = 14.6;
				MARKETING_VERSION = 2025;
				PRODUCT_BUNDLE_IDENTIFIER = dev.snailedit.stjude;
				PRODUCT_NAME = "St Jude";
				SDKROOT = macosx;
				SWIFT_EMIT_LOC_STRINGS = YES;
				SWIFT_VERSION = 5.0;
			};
			name = Debug;
		};
		6357656026D1A73E004F04DE /* Release */ = {
			isa = XCBuildConfiguration;
			buildSettings = {
				ASSETCATALOG_COMPILER_APPICON_NAME = AppIcon;
				ASSETCATALOG_COMPILER_GLOBAL_ACCENT_COLOR_NAME = AccentColor;
				CODE_SIGN_ENTITLEMENTS = "St Jude (macOS).entitlements";
				CODE_SIGN_STYLE = Automatic;
				COMBINE_HIDPI_IMAGES = YES;
				CURRENT_PROJECT_VERSION = 166;
				DEAD_CODE_STRIPPING = YES;
				DEVELOPMENT_TEAM = QRVYSKD5TN;
				ENABLE_APP_SANDBOX = YES;
				ENABLE_HARDENED_RUNTIME = YES;
				ENABLE_PREVIEWS = YES;
				ENABLE_USER_SELECTED_FILES = readonly;
				GENERATE_INFOPLIST_FILE = YES;
				INFOPLIST_FILE = "St-Jude--macOS--Info.plist";
				INFOPLIST_KEY_NSHumanReadableCopyright = "";
				INFOPLIST_KEY_UILaunchStoryboardName = LaunchScreen.storyboard;
				LD_RUNPATH_SEARCH_PATHS = (
					"$(inherited)",
					"@executable_path/../Frameworks",
				);
				MACOSX_DEPLOYMENT_TARGET = 14.6;
				MARKETING_VERSION = 2025;
				PRODUCT_BUNDLE_IDENTIFIER = dev.snailedit.stjude;
				PRODUCT_NAME = "St Jude";
				SDKROOT = macosx;
				SWIFT_EMIT_LOC_STRINGS = YES;
				SWIFT_VERSION = 5.0;
			};
			name = Release;
		};
		6357656226D1A73E004F04DE /* Debug */ = {
			isa = XCBuildConfiguration;
			buildSettings = {
				CODE_SIGN_STYLE = Automatic;
				CURRENT_PROJECT_VERSION = 166;
				DEVELOPMENT_TEAM = QRVYSKD5TN;
				GENERATE_INFOPLIST_FILE = YES;
				IPHONEOS_DEPLOYMENT_TARGET = 15.0;
				LD_RUNPATH_SEARCH_PATHS = (
					"$(inherited)",
					"@executable_path/Frameworks",
					"@loader_path/Frameworks",
				);
				MARKETING_VERSION = "${MARKETING_VERSION}";
				PRODUCT_BUNDLE_IDENTIFIER = "org.dwrs.Tests-iOS";
				PRODUCT_NAME = "$(TARGET_NAME)";
				SDKROOT = iphoneos;
				SWIFT_EMIT_LOC_STRINGS = NO;
				SWIFT_VERSION = 5.0;
				TARGETED_DEVICE_FAMILY = "1,2";
				TEST_TARGET_NAME = "St Jude (iOS)";
			};
			name = Debug;
		};
		6357656326D1A73E004F04DE /* Release */ = {
			isa = XCBuildConfiguration;
			buildSettings = {
				CODE_SIGN_STYLE = Automatic;
				CURRENT_PROJECT_VERSION = 166;
				DEVELOPMENT_TEAM = QRVYSKD5TN;
				GENERATE_INFOPLIST_FILE = YES;
				IPHONEOS_DEPLOYMENT_TARGET = 15.0;
				LD_RUNPATH_SEARCH_PATHS = (
					"$(inherited)",
					"@executable_path/Frameworks",
					"@loader_path/Frameworks",
				);
				MARKETING_VERSION = "${MARKETING_VERSION}";
				PRODUCT_BUNDLE_IDENTIFIER = "org.dwrs.Tests-iOS";
				PRODUCT_NAME = "$(TARGET_NAME)";
				SDKROOT = iphoneos;
				SWIFT_EMIT_LOC_STRINGS = NO;
				SWIFT_VERSION = 5.0;
				TARGETED_DEVICE_FAMILY = "1,2";
				TEST_TARGET_NAME = "St Jude (iOS)";
				VALIDATE_PRODUCT = YES;
			};
			name = Release;
		};
		6357656526D1A73E004F04DE /* Debug */ = {
			isa = XCBuildConfiguration;
			buildSettings = {
				CODE_SIGN_STYLE = Automatic;
				COMBINE_HIDPI_IMAGES = YES;
				CURRENT_PROJECT_VERSION = 166;
				DEAD_CODE_STRIPPING = YES;
				DEVELOPMENT_TEAM = QRVYSKD5TN;
				GENERATE_INFOPLIST_FILE = YES;
				LD_RUNPATH_SEARCH_PATHS = (
					"$(inherited)",
					"@executable_path/../Frameworks",
					"@loader_path/../Frameworks",
				);
				MACOSX_DEPLOYMENT_TARGET = 11.4;
				MARKETING_VERSION = "${MARKETING_VERSION}";
				PRODUCT_BUNDLE_IDENTIFIER = "org.dwrs.Tests-macOS";
				PRODUCT_NAME = "$(TARGET_NAME)";
				SDKROOT = macosx;
				SWIFT_EMIT_LOC_STRINGS = NO;
				SWIFT_VERSION = 5.0;
				TEST_TARGET_NAME = "St Jude (macOS)";
			};
			name = Debug;
		};
		6357656626D1A73E004F04DE /* Release */ = {
			isa = XCBuildConfiguration;
			buildSettings = {
				CODE_SIGN_STYLE = Automatic;
				COMBINE_HIDPI_IMAGES = YES;
				CURRENT_PROJECT_VERSION = 166;
				DEAD_CODE_STRIPPING = YES;
				DEVELOPMENT_TEAM = QRVYSKD5TN;
				GENERATE_INFOPLIST_FILE = YES;
				LD_RUNPATH_SEARCH_PATHS = (
					"$(inherited)",
					"@executable_path/../Frameworks",
					"@loader_path/../Frameworks",
				);
				MACOSX_DEPLOYMENT_TARGET = 11.4;
				MARKETING_VERSION = "${MARKETING_VERSION}";
				PRODUCT_BUNDLE_IDENTIFIER = "org.dwrs.Tests-macOS";
				PRODUCT_NAME = "$(TARGET_NAME)";
				SDKROOT = macosx;
				SWIFT_EMIT_LOC_STRINGS = NO;
				SWIFT_VERSION = 5.0;
				TEST_TARGET_NAME = "St Jude (macOS)";
			};
			name = Release;
		};
		6357657E26D1AD28004F04DE /* Debug */ = {
			isa = XCBuildConfiguration;
			buildSettings = {
				ASSETCATALOG_COMPILER_GLOBAL_ACCENT_COLOR_NAME = AccentColor;
				ASSETCATALOG_COMPILER_WIDGET_BACKGROUND_COLOR_NAME = WidgetBackground;
				CODE_SIGN_ENTITLEMENTS = "Tiltify St Jude WidgetExtension.entitlements";
				CODE_SIGN_STYLE = Automatic;
				CURRENT_PROJECT_VERSION = 166;
				DEVELOPMENT_TEAM = QRVYSKD5TN;
				GENERATE_INFOPLIST_FILE = YES;
				INFOPLIST_FILE = "Tiltify St Jude Widget/Info.plist";
				INFOPLIST_KEY_CFBundleDisplayName = "Tiltify St Jude Widget";
				INFOPLIST_KEY_NSHumanReadableCopyright = "";
				IPHONEOS_DEPLOYMENT_TARGET = 17.6;
				LD_RUNPATH_SEARCH_PATHS = (
					"$(inherited)",
					"@executable_path/Frameworks",
					"@executable_path/../../Frameworks",
				);
				MARKETING_VERSION = "${MARKETING_VERSION}";
				PRODUCT_BUNDLE_IDENTIFIER = pl.snailedit.stjude.iOSWidgetExtension;
				PRODUCT_NAME = "$(TARGET_NAME)";
				SDKROOT = iphoneos;
				SKIP_INSTALL = YES;
				SWIFT_EMIT_LOC_STRINGS = YES;
				SWIFT_VERSION = 5.0;
				TARGETED_DEVICE_FAMILY = "1,2";
			};
			name = Debug;
		};
		6357657F26D1AD28004F04DE /* Release */ = {
			isa = XCBuildConfiguration;
			buildSettings = {
				ASSETCATALOG_COMPILER_GLOBAL_ACCENT_COLOR_NAME = AccentColor;
				ASSETCATALOG_COMPILER_WIDGET_BACKGROUND_COLOR_NAME = WidgetBackground;
				CODE_SIGN_ENTITLEMENTS = "Tiltify St Jude WidgetExtension.entitlements";
				CODE_SIGN_STYLE = Automatic;
				CURRENT_PROJECT_VERSION = 166;
				DEVELOPMENT_TEAM = QRVYSKD5TN;
				GENERATE_INFOPLIST_FILE = YES;
				INFOPLIST_FILE = "Tiltify St Jude Widget/Info.plist";
				INFOPLIST_KEY_CFBundleDisplayName = "Tiltify St Jude Widget";
				INFOPLIST_KEY_NSHumanReadableCopyright = "";
				IPHONEOS_DEPLOYMENT_TARGET = 17.6;
				LD_RUNPATH_SEARCH_PATHS = (
					"$(inherited)",
					"@executable_path/Frameworks",
					"@executable_path/../../Frameworks",
				);
				MARKETING_VERSION = "${MARKETING_VERSION}";
				PRODUCT_BUNDLE_IDENTIFIER = pl.snailedit.stjude.iOSWidgetExtension;
				PRODUCT_NAME = "$(TARGET_NAME)";
				SDKROOT = iphoneos;
				SKIP_INSTALL = YES;
				SWIFT_EMIT_LOC_STRINGS = YES;
				SWIFT_VERSION = 5.0;
				TARGETED_DEVICE_FAMILY = "1,2";
				VALIDATE_PRODUCT = YES;
			};
			name = Release;
		};
		63BFF1A526D5D37C0023263D /* Debug */ = {
			isa = XCBuildConfiguration;
			buildSettings = {
				CODE_SIGN_ENTITLEMENTS = "Intents Extension/Intents Extension.entitlements";
				CODE_SIGN_STYLE = Automatic;
				CURRENT_PROJECT_VERSION = 166;
				DEVELOPMENT_TEAM = QRVYSKD5TN;
				GENERATE_INFOPLIST_FILE = YES;
				INFOPLIST_FILE = "Intents Extension/Info.plist";
				INFOPLIST_KEY_CFBundleDisplayName = "Intents Extension";
				INFOPLIST_KEY_NSHumanReadableCopyright = "";
				IPHONEOS_DEPLOYMENT_TARGET = 17.6;
				LD_RUNPATH_SEARCH_PATHS = (
					"$(inherited)",
					"@executable_path/Frameworks",
					"@executable_path/../../Frameworks",
				);
				MARKETING_VERSION = "${MARKETING_VERSION}";
				PRODUCT_BUNDLE_IDENTIFIER = pl.snailedit.stjude.IntentsExtension;
				PRODUCT_NAME = "$(TARGET_NAME)";
				SDKROOT = iphoneos;
				SKIP_INSTALL = YES;
				SWIFT_EMIT_LOC_STRINGS = YES;
				SWIFT_VERSION = 5.0;
				TARGETED_DEVICE_FAMILY = "1,2";
			};
			name = Debug;
		};
		63BFF1A626D5D37C0023263D /* Release */ = {
			isa = XCBuildConfiguration;
			buildSettings = {
				CODE_SIGN_ENTITLEMENTS = "Intents Extension/Intents Extension.entitlements";
				CODE_SIGN_STYLE = Automatic;
				CURRENT_PROJECT_VERSION = 166;
				DEVELOPMENT_TEAM = QRVYSKD5TN;
				GENERATE_INFOPLIST_FILE = YES;
				INFOPLIST_FILE = "Intents Extension/Info.plist";
				INFOPLIST_KEY_CFBundleDisplayName = "Intents Extension";
				INFOPLIST_KEY_NSHumanReadableCopyright = "";
				IPHONEOS_DEPLOYMENT_TARGET = 17.6;
				LD_RUNPATH_SEARCH_PATHS = (
					"$(inherited)",
					"@executable_path/Frameworks",
					"@executable_path/../../Frameworks",
				);
				MARKETING_VERSION = "${MARKETING_VERSION}";
				PRODUCT_BUNDLE_IDENTIFIER = pl.snailedit.stjude.IntentsExtension;
				PRODUCT_NAME = "$(TARGET_NAME)";
				SDKROOT = iphoneos;
				SKIP_INSTALL = YES;
				SWIFT_EMIT_LOC_STRINGS = YES;
				SWIFT_VERSION = 5.0;
				TARGETED_DEVICE_FAMILY = "1,2";
				VALIDATE_PRODUCT = YES;
			};
			name = Release;
		};
/* End XCBuildConfiguration section */

/* Begin XCConfigurationList section */
		63574A2426D6590000A2D495 /* Build configuration list for PBXNativeTarget "macOS WidgetExtension" */ = {
			isa = XCConfigurationList;
			buildConfigurations = (
				63574A2226D6590000A2D495 /* Debug */,
				63574A2326D6590000A2D495 /* Release */,
			);
			defaultConfigurationIsVisible = 0;
			defaultConfigurationName = Release;
		};
		6357652B26D1A73B004F04DE /* Build configuration list for PBXProject "St Jude" */ = {
			isa = XCConfigurationList;
			buildConfigurations = (
				6357655926D1A73E004F04DE /* Debug */,
				6357655A26D1A73E004F04DE /* Release */,
			);
			defaultConfigurationIsVisible = 0;
			defaultConfigurationName = Release;
		};
		6357655B26D1A73E004F04DE /* Build configuration list for PBXNativeTarget "St Jude (iOS)" */ = {
			isa = XCConfigurationList;
			buildConfigurations = (
				6357655C26D1A73E004F04DE /* Debug */,
				6357655D26D1A73E004F04DE /* Release */,
			);
			defaultConfigurationIsVisible = 0;
			defaultConfigurationName = Release;
		};
		6357655E26D1A73E004F04DE /* Build configuration list for PBXNativeTarget "St Jude (macOS)" */ = {
			isa = XCConfigurationList;
			buildConfigurations = (
				6357655F26D1A73E004F04DE /* Debug */,
				6357656026D1A73E004F04DE /* Release */,
			);
			defaultConfigurationIsVisible = 0;
			defaultConfigurationName = Release;
		};
		6357656126D1A73E004F04DE /* Build configuration list for PBXNativeTarget "Tests iOS" */ = {
			isa = XCConfigurationList;
			buildConfigurations = (
				6357656226D1A73E004F04DE /* Debug */,
				6357656326D1A73E004F04DE /* Release */,
			);
			defaultConfigurationIsVisible = 0;
			defaultConfigurationName = Release;
		};
		6357656426D1A73E004F04DE /* Build configuration list for PBXNativeTarget "Tests macOS" */ = {
			isa = XCConfigurationList;
			buildConfigurations = (
				6357656526D1A73E004F04DE /* Debug */,
				6357656626D1A73E004F04DE /* Release */,
			);
			defaultConfigurationIsVisible = 0;
			defaultConfigurationName = Release;
		};
		6357657D26D1AD28004F04DE /* Build configuration list for PBXNativeTarget "Tiltify St Jude WidgetExtension" */ = {
			isa = XCConfigurationList;
			buildConfigurations = (
				6357657E26D1AD28004F04DE /* Debug */,
				6357657F26D1AD28004F04DE /* Release */,
			);
			defaultConfigurationIsVisible = 0;
			defaultConfigurationName = Release;
		};
		63BFF1A426D5D37C0023263D /* Build configuration list for PBXNativeTarget "Intents Extension" */ = {
			isa = XCConfigurationList;
			buildConfigurations = (
				63BFF1A526D5D37C0023263D /* Debug */,
				63BFF1A626D5D37C0023263D /* Release */,
			);
			defaultConfigurationIsVisible = 0;
			defaultConfigurationName = Release;
		};
/* End XCConfigurationList section */

/* Begin XCRemoteSwiftPackageReference section */
		16AF570528C63180006B9530 /* XCRemoteSwiftPackageReference "Kingfisher" */ = {
			isa = XCRemoteSwiftPackageReference;
			repositoryURL = "https://github.com/onevcat/Kingfisher.git";
			requirement = {
				kind = upToNextMajorVersion;
				minimumVersion = 7.0.0;
			};
		};
		63D0CCDC28B101200073957E /* XCRemoteSwiftPackageReference "GRDB.swift" */ = {
			isa = XCRemoteSwiftPackageReference;
			repositoryURL = "https://github.com/groue/GRDB.swift.git";
			requirement = {
				kind = upToNextMajorVersion;
				minimumVersion = 6.0.0;
			};
		};
/* End XCRemoteSwiftPackageReference section */

/* Begin XCSwiftPackageProductDependency section */
		5EE56C0A2A7AABED00FA71DF /* Kingfisher */ = {
			isa = XCSwiftPackageProductDependency;
			package = 16AF570528C63180006B9530 /* XCRemoteSwiftPackageReference "Kingfisher" */;
			productName = Kingfisher;
		};
		63D0CD2528B63C500073957E /* GRDB */ = {
			isa = XCSwiftPackageProductDependency;
			package = 63D0CCDC28B101200073957E /* XCRemoteSwiftPackageReference "GRDB.swift" */;
			productName = GRDB;
		};
		63D0CD2728B63C580073957E /* GRDB */ = {
			isa = XCSwiftPackageProductDependency;
			package = 63D0CCDC28B101200073957E /* XCRemoteSwiftPackageReference "GRDB.swift" */;
			productName = GRDB;
		};
		63D0CD2928B63C640073957E /* GRDB */ = {
			isa = XCSwiftPackageProductDependency;
			package = 63D0CCDC28B101200073957E /* XCRemoteSwiftPackageReference "GRDB.swift" */;
			productName = GRDB;
		};
		63D0CD2B28B63C6D0073957E /* GRDB */ = {
			isa = XCSwiftPackageProductDependency;
			package = 63D0CCDC28B101200073957E /* XCRemoteSwiftPackageReference "GRDB.swift" */;
			productName = GRDB;
		};
		63D0CD2D28B63C730073957E /* GRDB */ = {
			isa = XCSwiftPackageProductDependency;
			package = 63D0CCDC28B101200073957E /* XCRemoteSwiftPackageReference "GRDB.swift" */;
			productName = GRDB;
		};
/* End XCSwiftPackageProductDependency section */
	};
	rootObject = 6357652826D1A73B004F04DE /* Project object */;
}
